
Microsoft Visual Studio Solution File, Format Version 12.00
# Visual Studio Version 17
VisualStudioVersion = 17.3.32929.385
MinimumVisualStudioVersion = 10.0.40219.1
Project("{FAE04EC0-301F-11D3-BF4B-00C04F79EFBC}") = "AirSprings", "AirSprings\AirSprings.csproj", "{94BF54DC-DEA4-4540-A3B5-48AE8C3353E0}"
EndProject
Global
	GlobalSection(SolutionConfigurationPlatforms) = preSolution
		Debug|Any CPU = Debug|Any CPU
		Release|Any CPU = Release|Any CPU
	EndGlobalSection
	GlobalSection(ProjectConfigurationPlatforms) = postSolution
		{94BF54DC-DEA4-4540-A3B5-48AE8C3353E0}.Debug|Any CPU.ActiveCfg = Debug|Any CPU
		{94BF54DC-DEA4-4540-A3B5-48AE8C3353E0}.Debug|Any CPU.Build.0 = Debug|Any CPU
		{94BF54DC-DEA4-4540-A3B5-48AE8C3353E0}.Release|Any CPU.ActiveCfg = Release|Any CPU
		{94BF54DC-DEA4-4540-A3B5-48AE8C3353E0}.Release|Any CPU.Build.0 = Release|Any CPU
	EndGlobalSection
	GlobalSection(SolutionProperties) = preSolution
		HideSolutionNode = FALSE
	EndGlobalSection
	GlobalSection(ExtensibilityGlobals) = postSolution
		SolutionGuid = {FB9D6FE6-F079-4944-B037-E0412E75DACF}
	EndGlobalSection
EndGlobal
